# This file is automatically @generated by Cargo.
# It is not intended for manual editing.
version = 3

[[package]]
name = "crinkler-test"
version = "0.1.0"
dependencies = [
 "vc-ltl",
]

[[package]]
name = "vc-ltl"
version = "5.0.8"
source = "registry+https://github.com/rust-lang/crates.io-index"
checksum = "87e98ae3481f41a314867586b0bfbd20eabf5b196a420b1750a69d1a37b80d25"
